
Microsoft Visual Studio Solution File, Format Version 12.00
# Visual Studio Version 16
VisualStudioVersion = 16.0.34114.132
MinimumVisualStudioVersion = 10.0.40219.1
Project("{FAE04EC0-301F-11D3-BF4B-00C04F79EFBC}") = "Odev", "Odev.csproj", "{20977B8B-E51C-4E26-9CBE-4AC90C9335AA}"
EndProject
Global
	GlobalSection(SolutionConfigurationPlatforms) = preSolution
		Debug|Any CPU = Debug|Any CPU
		Release|Any CPU = Release|Any CPU
	EndGlobalSection
	GlobalSection(ProjectConfigurationPlatforms) = postSolution
		{20977B8B-E51C-4E26-9CBE-4AC90C9335AA}.Debug|Any CPU.ActiveCfg = Debug|Any CPU
		{20977B8B-E51C-4E26-9CBE-4AC90C9335AA}.Debug|Any CPU.Build.0 = Debug|Any CPU
		{20977B8B-E51C-4E26-9CBE-4AC90C9335AA}.Release|Any CPU.ActiveCfg = Release|Any CPU
		{20977B8B-E51C-4E26-9CBE-4AC90C9335AA}.Release|Any CPU.Build.0 = Release|Any CPU
	EndGlobalSection
	GlobalSection(SolutionProperties) = preSolution
		HideSolutionNode = FALSE
	EndGlobalSection
	GlobalSection(ExtensibilityGlobals) = postSolution
		SolutionGuid = {FB32C1F9-BD37-4C81-9D3F-EEC76819FF42}
	EndGlobalSection
EndGlobal
